// !$*UTF8*$!
{
	archiveVersion = 1;
	classes = {
	};
	objectVersion = 46;
	objects = {

/* Begin PBXBuildFile section */
		644312CB196A41740046E784 /* TwitterClient.m in Sources */ = {isa = PBXBuildFile; fileRef = 644312CA196A41740046E784 /* TwitterClient.m */; };
		64AC6075196B29A100FB74FE /* LoginViewController.m in Sources */ = {isa = PBXBuildFile; fileRef = 64AC6073196B29A100FB74FE /* LoginViewController.m */; };
		64AC6076196B29A100FB74FE /* LoginViewController.xib in Resources */ = {isa = PBXBuildFile; fileRef = 64AC6074196B29A100FB74FE /* LoginViewController.xib */; };
		64AC6079196B38D100FB74FE /* Tweet.m in Sources */ = {isa = PBXBuildFile; fileRef = 64AC6078196B38D100FB74FE /* Tweet.m */; };
		64B73798196A3B80001B38C5 /* Foundation.framework in Frameworks */ = {isa = PBXBuildFile; fileRef = 64B73797196A3B80001B38C5 /* Foundation.framework */; };
		64B7379A196A3B80001B38C5 /* CoreGraphics.framework in Frameworks */ = {isa = PBXBuildFile; fileRef = 64B73799196A3B80001B38C5 /* CoreGraphics.framework */; };
		64B7379C196A3B80001B38C5 /* UIKit.framework in Frameworks */ = {isa = PBXBuildFile; fileRef = 64B7379B196A3B80001B38C5 /* UIKit.framework */; };
		64B737A2196A3B80001B38C5 /* InfoPlist.strings in Resources */ = {isa = PBXBuildFile; fileRef = 64B737A0196A3B80001B38C5 /* InfoPlist.strings */; };
		64B737A4196A3B80001B38C5 /* main.m in Sources */ = {isa = PBXBuildFile; fileRef = 64B737A3196A3B80001B38C5 /* main.m */; };
		64B737A8196A3B80001B38C5 /* AppDelegate.m in Sources */ = {isa = PBXBuildFile; fileRef = 64B737A7196A3B80001B38C5 /* AppDelegate.m */; };
		64B737AA196A3B80001B38C5 /* Images.xcassets in Resources */ = {isa = PBXBuildFile; fileRef = 64B737A9196A3B80001B38C5 /* Images.xcassets */; };
		64B737B1196A3B80001B38C5 /* XCTest.framework in Frameworks */ = {isa = PBXBuildFile; fileRef = 64B737B0196A3B80001B38C5 /* XCTest.framework */; };
		64B737B2196A3B80001B38C5 /* Foundation.framework in Frameworks */ = {isa = PBXBuildFile; fileRef = 64B73797196A3B80001B38C5 /* Foundation.framework */; };
		64B737B3196A3B80001B38C5 /* UIKit.framework in Frameworks */ = {isa = PBXBuildFile; fileRef = 64B7379B196A3B80001B38C5 /* UIKit.framework */; };
		64B737BB196A3B80001B38C5 /* InfoPlist.strings in Resources */ = {isa = PBXBuildFile; fileRef = 64B737B9196A3B80001B38C5 /* InfoPlist.strings */; };
		64B737BD196A3B80001B38C5 /* TwitterTests.m in Sources */ = {isa = PBXBuildFile; fileRef = 64B737BC196A3B80001B38C5 /* TwitterTests.m */; };
		64DCF03C196A3C2800B7A32A /* TimelineViewController.m in Sources */ = {isa = PBXBuildFile; fileRef = 64DCF03A196A3C2700B7A32A /* TimelineViewController.m */; };
		64DCF03D196A3C2800B7A32A /* TimelineViewController.xib in Resources */ = {isa = PBXBuildFile; fileRef = 64DCF03B196A3C2800B7A32A /* TimelineViewController.xib */; };
		64DCF041196A3C5F00B7A32A /* TweetViewController.m in Sources */ = {isa = PBXBuildFile; fileRef = 64DCF03F196A3C5F00B7A32A /* TweetViewController.m */; };
		64DCF042196A3C5F00B7A32A /* TweetViewController.xib in Resources */ = {isa = PBXBuildFile; fileRef = 64DCF040196A3C5F00B7A32A /* TweetViewController.xib */; };
		64DCF047196A3CA800B7A32A /* ComposeViewController.m in Sources */ = {isa = PBXBuildFile; fileRef = 64DCF045196A3CA800B7A32A /* ComposeViewController.m */; };
		64DCF048196A3CA800B7A32A /* ComposeViewController.xib in Resources */ = {isa = PBXBuildFile; fileRef = 64DCF046196A3CA800B7A32A /* ComposeViewController.xib */; };
		64DCF04C196A3CE000B7A32A /* TweetCell.m in Sources */ = {isa = PBXBuildFile; fileRef = 64DCF04A196A3CE000B7A32A /* TweetCell.m */; };
		64DCF04D196A3CE000B7A32A /* TweetCell.xib in Resources */ = {isa = PBXBuildFile; fileRef = 64DCF04B196A3CE000B7A32A /* TweetCell.xib */; };
		8B0F109A31EC419DB679EBAF /* libPods.a in Frameworks */ = {isa = PBXBuildFile; fileRef = ACF5E60F67974730A3CDC416 /* libPods.a */; };
/* End PBXBuildFile section */

/* Begin PBXContainerItemProxy section */
		64B737B4196A3B80001B38C5 /* PBXContainerItemProxy */ = {
			isa = PBXContainerItemProxy;
			containerPortal = 64B7378C196A3B80001B38C5 /* Project object */;
			proxyType = 1;
			remoteGlobalIDString = 64B73793196A3B80001B38C5;
			remoteInfo = Twitter;
		};
/* End PBXContainerItemProxy section */

/* Begin PBXFileReference section */
		2AA9B31A9CF44D9089AACA8B /* Pods.xcconfig */ = {isa = PBXFileReference; includeInIndex = 1; lastKnownFileType = text.xcconfig; name = Pods.xcconfig; path = Pods/Pods.xcconfig; sourceTree = "<group>"; };
		644312C9196A41740046E784 /* TwitterClient.h */ = {isa = PBXFileReference; fileEncoding = 4; lastKnownFileType = sourcecode.c.h; path = TwitterClient.h; sourceTree = "<group>"; };
		644312CA196A41740046E784 /* TwitterClient.m */ = {isa = PBXFileReference; fileEncoding = 4; lastKnownFileType = sourcecode.c.objc; path = TwitterClient.m; sourceTree = "<group>"; };
		644312CC196A58A50046E784 /* TwitterCommon.h */ = {isa = PBXFileReference; lastKnownFileType = sourcecode.c.h; path = TwitterCommon.h; sourceTree = "<group>"; };
		64AC6072196B29A100FB74FE /* LoginViewController.h */ = {isa = PBXFileReference; fileEncoding = 4; lastKnownFileType = sourcecode.c.h; path = LoginViewController.h; sourceTree = "<group>"; };
		64AC6073196B29A100FB74FE /* LoginViewController.m */ = {isa = PBXFileReference; fileEncoding = 4; lastKnownFileType = sourcecode.c.objc; path = LoginViewController.m; sourceTree = "<group>"; };
		64AC6074196B29A100FB74FE /* LoginViewController.xib */ = {isa = PBXFileReference; fileEncoding = 4; lastKnownFileType = file.xib; path = LoginViewController.xib; sourceTree = "<group>"; };
		64AC6077196B38D100FB74FE /* Tweet.h */ = {isa = PBXFileReference; fileEncoding = 4; lastKnownFileType = sourcecode.c.h; path = Tweet.h; sourceTree = "<group>"; };
		64AC6078196B38D100FB74FE /* Tweet.m */ = {isa = PBXFileReference; fileEncoding = 4; lastKnownFileType = sourcecode.c.objc; path = Tweet.m; sourceTree = "<group>"; };
		64B73794196A3B80001B38C5 /* Twitter.app */ = {isa = PBXFileReference; explicitFileType = wrapper.application; includeInIndex = 0; path = Twitter.app; sourceTree = BUILT_PRODUCTS_DIR; };
		64B73797196A3B80001B38C5 /* Foundation.framework */ = {isa = PBXFileReference; lastKnownFileType = wrapper.framework; name = Foundation.framework; path = System/Library/Frameworks/Foundation.framework; sourceTree = SDKROOT; };
		64B73799196A3B80001B38C5 /* CoreGraphics.framework */ = {isa = PBXFileReference; lastKnownFileType = wrapper.framework; name = CoreGraphics.framework; path = System/Library/Frameworks/CoreGraphics.framework; sourceTree = SDKROOT; };
		64B7379B196A3B80001B38C5 /* UIKit.framework */ = {isa = PBXFileReference; lastKnownFileType = wrapper.framework; name = UIKit.framework; path = System/Library/Frameworks/UIKit.framework; sourceTree = SDKROOT; };
		64B7379F196A3B80001B38C5 /* Twitter-Info.plist */ = {isa = PBXFileReference; lastKnownFileType = text.plist.xml; path = "Twitter-Info.plist"; sourceTree = "<group>"; };
		64B737A1196A3B80001B38C5 /* en */ = {isa = PBXFileReference; lastKnownFileType = text.plist.strings; name = en; path = en.lproj/InfoPlist.strings; sourceTree = "<group>"; };
		64B737A3196A3B80001B38C5 /* main.m */ = {isa = PBXFileReference; lastKnownFileType = sourcecode.c.objc; path = main.m; sourceTree = "<group>"; };
		64B737A5196A3B80001B38C5 /* Twitter-Prefix.pch */ = {isa = PBXFileReference; lastKnownFileType = sourcecode.c.h; path = "Twitter-Prefix.pch"; sourceTree = "<group>"; };
		64B737A6196A3B80001B38C5 /* AppDelegate.h */ = {isa = PBXFileReference; lastKnownFileType = sourcecode.c.h; path = AppDelegate.h; sourceTree = "<group>"; };
		64B737A7196A3B80001B38C5 /* AppDelegate.m */ = {isa = PBXFileReference; lastKnownFileType = sourcecode.c.objc; path = AppDelegate.m; sourceTree = "<group>"; };
		64B737A9196A3B80001B38C5 /* Images.xcassets */ = {isa = PBXFileReference; lastKnownFileType = folder.assetcatalog; path = Images.xcassets; sourceTree = "<group>"; };
		64B737AF196A3B80001B38C5 /* TwitterTests.xctest */ = {isa = PBXFileReference; explicitFileType = wrapper.cfbundle; includeInIndex = 0; path = TwitterTests.xctest; sourceTree = BUILT_PRODUCTS_DIR; };
		64B737B0196A3B80001B38C5 /* XCTest.framework */ = {isa = PBXFileReference; lastKnownFileType = wrapper.framework; name = XCTest.framework; path = Library/Frameworks/XCTest.framework; sourceTree = DEVELOPER_DIR; };
		64B737B8196A3B80001B38C5 /* TwitterTests-Info.plist */ = {isa = PBXFileReference; lastKnownFileType = text.plist.xml; path = "TwitterTests-Info.plist"; sourceTree = "<group>"; };
		64B737BA196A3B80001B38C5 /* en */ = {isa = PBXFileReference; lastKnownFileType = text.plist.strings; name = en; path = en.lproj/InfoPlist.strings; sourceTree = "<group>"; };
		64B737BC196A3B80001B38C5 /* TwitterTests.m */ = {isa = PBXFileReference; lastKnownFileType = sourcecode.c.objc; path = TwitterTests.m; sourceTree = "<group>"; };
		64DCF039196A3C2700B7A32A /* TimelineViewController.h */ = {isa = PBXFileReference; fileEncoding = 4; lastKnownFileType = sourcecode.c.h; name = TimelineViewController.h; path = ../TimelineViewController.h; sourceTree = "<group>"; };
		64DCF03A196A3C2700B7A32A /* TimelineViewController.m */ = {isa = PBXFileReference; fileEncoding = 4; lastKnownFileType = sourcecode.c.objc; name = TimelineViewController.m; path = ../TimelineViewController.m; sourceTree = "<group>"; };
		64DCF03B196A3C2800B7A32A /* TimelineViewController.xib */ = {isa = PBXFileReference; fileEncoding = 4; lastKnownFileType = file.xib; name = TimelineViewController.xib; path = ../TimelineViewController.xib; sourceTree = "<group>"; };
		64DCF03E196A3C5F00B7A32A /* TweetViewController.h */ = {isa = PBXFileReference; fileEncoding = 4; lastKnownFileType = sourcecode.c.h; name = TweetViewController.h; path = ../TweetViewController.h; sourceTree = "<group>"; };
		64DCF03F196A3C5F00B7A32A /* TweetViewController.m */ = {isa = PBXFileReference; fileEncoding = 4; lastKnownFileType = sourcecode.c.objc; name = TweetViewController.m; path = ../TweetViewController.m; sourceTree = "<group>"; };
		64DCF040196A3C5F00B7A32A /* TweetViewController.xib */ = {isa = PBXFileReference; fileEncoding = 4; lastKnownFileType = file.xib; name = TweetViewController.xib; path = ../TweetViewController.xib; sourceTree = "<group>"; };
		64DCF044196A3CA800B7A32A /* ComposeViewController.h */ = {isa = PBXFileReference; fileEncoding = 4; lastKnownFileType = sourcecode.c.h; path = ComposeViewController.h; sourceTree = "<group>"; };
		64DCF045196A3CA800B7A32A /* ComposeViewController.m */ = {isa = PBXFileReference; fileEncoding = 4; lastKnownFileType = sourcecode.c.objc; path = ComposeViewController.m; sourceTree = "<group>"; };
		64DCF046196A3CA800B7A32A /* ComposeViewController.xib */ = {isa = PBXFileReference; fileEncoding = 4; lastKnownFileType = file.xib; path = ComposeViewController.xib; sourceTree = "<group>"; };
		64DCF049196A3CE000B7A32A /* TweetCell.h */ = {isa = PBXFileReference; fileEncoding = 4; lastKnownFileType = sourcecode.c.h; path = TweetCell.h; sourceTree = "<group>"; };
		64DCF04A196A3CE000B7A32A /* TweetCell.m */ = {isa = PBXFileReference; fileEncoding = 4; lastKnownFileType = sourcecode.c.objc; path = TweetCell.m; sourceTree = "<group>"; };
		64DCF04B196A3CE000B7A32A /* TweetCell.xib */ = {isa = PBXFileReference; fileEncoding = 4; lastKnownFileType = file.xib; path = TweetCell.xib; sourceTree = "<group>"; };
		ACF5E60F67974730A3CDC416 /* libPods.a */ = {isa = PBXFileReference; explicitFileType = archive.ar; includeInIndex = 0; path = libPods.a; sourceTree = BUILT_PRODUCTS_DIR; };
/* End PBXFileReference section */

/* Begin PBXFrameworksBuildPhase section */
		64B73791196A3B80001B38C5 /* Frameworks */ = {
			isa = PBXFrameworksBuildPhase;
			buildActionMask = 2147483647;
			files = (
				64B7379A196A3B80001B38C5 /* CoreGraphics.framework in Frameworks */,
				64B7379C196A3B80001B38C5 /* UIKit.framework in Frameworks */,
				64B73798196A3B80001B38C5 /* Foundation.framework in Frameworks */,
				8B0F109A31EC419DB679EBAF /* libPods.a in Frameworks */,
			);
			runOnlyForDeploymentPostprocessing = 0;
		};
		64B737AC196A3B80001B38C5 /* Frameworks */ = {
			isa = PBXFrameworksBuildPhase;
			buildActionMask = 2147483647;
			files = (
				64B737B1196A3B80001B38C5 /* XCTest.framework in Frameworks */,
				64B737B3196A3B80001B38C5 /* UIKit.framework in Frameworks */,
				64B737B2196A3B80001B38C5 /* Foundation.framework in Frameworks */,
			);
			runOnlyForDeploymentPostprocessing = 0;
		};
/* End PBXFrameworksBuildPhase section */

/* Begin PBXGroup section */
		64B7378B196A3B80001B38C5 = {
			isa = PBXGroup;
			children = (
				64DCF043196A3C6C00B7A32A /* API */,
				64B7379D196A3B80001B38C5 /* Twitter */,
				64B737B6196A3B80001B38C5 /* TwitterTests */,
				64B73796196A3B80001B38C5 /* Frameworks */,
				64B73795196A3B80001B38C5 /* Products */,
				2AA9B31A9CF44D9089AACA8B /* Pods.xcconfig */,
			);
			sourceTree = "<group>";
		};
		64B73795196A3B80001B38C5 /* Products */ = {
			isa = PBXGroup;
			children = (
				64B73794196A3B80001B38C5 /* Twitter.app */,
				64B737AF196A3B80001B38C5 /* TwitterTests.xctest */,
			);
			name = Products;
			sourceTree = "<group>";
		};
		64B73796196A3B80001B38C5 /* Frameworks */ = {
			isa = PBXGroup;
			children = (
				64B73797196A3B80001B38C5 /* Foundation.framework */,
				64B73799196A3B80001B38C5 /* CoreGraphics.framework */,
				64B7379B196A3B80001B38C5 /* UIKit.framework */,
				64B737B0196A3B80001B38C5 /* XCTest.framework */,
				ACF5E60F67974730A3CDC416 /* libPods.a */,
			);
			name = Frameworks;
			sourceTree = "<group>";
		};
		64B7379D196A3B80001B38C5 /* Twitter */ = {
			isa = PBXGroup;
			children = (
				64DCF039196A3C2700B7A32A /* TimelineViewController.h */,
				64DCF03A196A3C2700B7A32A /* TimelineViewController.m */,
				64DCF03B196A3C2800B7A32A /* TimelineViewController.xib */,
				64DCF03E196A3C5F00B7A32A /* TweetViewController.h */,
				64DCF03F196A3C5F00B7A32A /* TweetViewController.m */,
				64DCF040196A3C5F00B7A32A /* TweetViewController.xib */,
				64DCF044196A3CA800B7A32A /* ComposeViewController.h */,
				64DCF045196A3CA800B7A32A /* ComposeViewController.m */,
				64DCF046196A3CA800B7A32A /* ComposeViewController.xib */,
				64DCF049196A3CE000B7A32A /* TweetCell.h */,
				64DCF04A196A3CE000B7A32A /* TweetCell.m */,
				64DCF04B196A3CE000B7A32A /* TweetCell.xib */,
				64B737A6196A3B80001B38C5 /* AppDelegate.h */,
				64B737A7196A3B80001B38C5 /* AppDelegate.m */,
				64B737A9196A3B80001B38C5 /* Images.xcassets */,
				64B7379E196A3B80001B38C5 /* Supporting Files */,
				644312CC196A58A50046E784 /* TwitterCommon.h */,
				64AC6072196B29A100FB74FE /* LoginViewController.h */,
				64AC6073196B29A100FB74FE /* LoginViewController.m */,
				64AC6074196B29A100FB74FE /* LoginViewController.xib */,
				64AC6077196B38D100FB74FE /* Tweet.h */,
				64AC6078196B38D100FB74FE /* Tweet.m */,
			);
			path = Twitter;
			sourceTree = "<group>";
		};
		64B7379E196A3B80001B38C5 /* Supporting Files */ = {
			isa = PBXGroup;
			children = (
				64B7379F196A3B80001B38C5 /* Twitter-Info.plist */,
				64B737A0196A3B80001B38C5 /* InfoPlist.strings */,
				64B737A3196A3B80001B38C5 /* main.m */,
				64B737A5196A3B80001B38C5 /* Twitter-Prefix.pch */,
			);
			name = "Supporting Files";
			sourceTree = "<group>";
		};
		64B737B6196A3B80001B38C5 /* TwitterTests */ = {
			isa = PBXGroup;
			children = (
				64B737BC196A3B80001B38C5 /* TwitterTests.m */,
				64B737B7196A3B80001B38C5 /* Supporting Files */,
			);
			path = TwitterTests;
			sourceTree = "<group>";
		};
		64B737B7196A3B80001B38C5 /* Supporting Files */ = {
			isa = PBXGroup;
			children = (
				64B737B8196A3B80001B38C5 /* TwitterTests-Info.plist */,
				64B737B9196A3B80001B38C5 /* InfoPlist.strings */,
			);
			name = "Supporting Files";
			sourceTree = "<group>";
		};
		64DCF043196A3C6C00B7A32A /* API */ = {
			isa = PBXGroup;
			children = (
				644312C9196A41740046E784 /* TwitterClient.h */,
				644312CA196A41740046E784 /* TwitterClient.m */,
			);
			name = API;
			sourceTree = "<group>";
		};
/* End PBXGroup section */

/* Begin PBXNativeTarget section */
		64B73793196A3B80001B38C5 /* Twitter */ = {
			isa = PBXNativeTarget;
			buildConfigurationList = 64B737C0196A3B80001B38C5 /* Build configuration list for PBXNativeTarget "Twitter" */;
			buildPhases = (
				150ABD8544594534BAE9CCE1 /* Check Pods Manifest.lock */,
				64B73790196A3B80001B38C5 /* Sources */,
				64B73791196A3B80001B38C5 /* Frameworks */,
				64B73792196A3B80001B38C5 /* Resources */,
				BFCE1346C1374906AC2D8A84 /* Copy Pods Resources */,
			);
			buildRules = (
			);
			dependencies = (
			);
			name = Twitter;
			productName = Twitter;
			productReference = 64B73794196A3B80001B38C5 /* Twitter.app */;
			productType = "com.apple.product-type.application";
		};
		64B737AE196A3B80001B38C5 /* TwitterTests */ = {
			isa = PBXNativeTarget;
			buildConfigurationList = 64B737C3196A3B80001B38C5 /* Build configuration list for PBXNativeTarget "TwitterTests" */;
			buildPhases = (
				64B737AB196A3B80001B38C5 /* Sources */,
				64B737AC196A3B80001B38C5 /* Frameworks */,
				64B737AD196A3B80001B38C5 /* Resources */,
			);
			buildRules = (
			);
			dependencies = (
				64B737B5196A3B80001B38C5 /* PBXTargetDependency */,
			);
			name = TwitterTests;
			productName = TwitterTests;
			productReference = 64B737AF196A3B80001B38C5 /* TwitterTests.xctest */;
			productType = "com.apple.product-type.bundle.unit-test";
		};
/* End PBXNativeTarget section */

/* Begin PBXProject section */
		64B7378C196A3B80001B38C5 /* Project object */ = {
			isa = PBXProject;
			attributes = {
				LastUpgradeCheck = 0510;
				ORGANIZATIONNAME = "Ozzie Sabina";
				TargetAttributes = {
					64B737AE196A3B80001B38C5 = {
						TestTargetID = 64B73793196A3B80001B38C5;
					};
				};
			};
			buildConfigurationList = 64B7378F196A3B80001B38C5 /* Build configuration list for PBXProject "Twitter" */;
			compatibilityVersion = "Xcode 3.2";
			developmentRegion = English;
			hasScannedForEncodings = 0;
			knownRegions = (
				en,
			);
			mainGroup = 64B7378B196A3B80001B38C5;
			productRefGroup = 64B73795196A3B80001B38C5 /* Products */;
			projectDirPath = "";
			projectRoot = "";
			targets = (
				64B73793196A3B80001B38C5 /* Twitter */,
				64B737AE196A3B80001B38C5 /* TwitterTests */,
			);
		};
/* End PBXProject section */

/* Begin PBXResourcesBuildPhase section */
		64B73792196A3B80001B38C5 /* Resources */ = {
			isa = PBXResourcesBuildPhase;
			buildActionMask = 2147483647;
			files = (
				64DCF042196A3C5F00B7A32A /* TweetViewController.xib in Resources */,
				64DCF03D196A3C2800B7A32A /* TimelineViewController.xib in Resources */,
				64B737A2196A3B80001B38C5 /* InfoPlist.strings in Resources */,
				64DCF048196A3CA800B7A32A /* ComposeViewController.xib in Resources */,
				64B737AA196A3B80001B38C5 /* Images.xcassets in Resources */,
				64AC6076196B29A100FB74FE /* LoginViewController.xib in Resources */,
				64DCF04D196A3CE000B7A32A /* TweetCell.xib in Resources */,
			);
			runOnlyForDeploymentPostprocessing = 0;
		};
		64B737AD196A3B80001B38C5 /* Resources */ = {
			isa = PBXResourcesBuildPhase;
			buildActionMask = 2147483647;
			files = (
				64B737BB196A3B80001B38C5 /* InfoPlist.strings in Resources */,
			);
			runOnlyForDeploymentPostprocessing = 0;
		};
/* End PBXResourcesBuildPhase section */

/* Begin PBXShellScriptBuildPhase section */
		150ABD8544594534BAE9CCE1 /* Check Pods Manifest.lock */ = {
			isa = PBXShellScriptBuildPhase;
			buildActionMask = 2147483647;
			files = (
			);
			inputPaths = (
			);
			name = "Check Pods Manifest.lock";
			outputPaths = (
			);
			runOnlyForDeploymentPostprocessing = 0;
			shellPath = /bin/sh;
			shellScript = "diff \"${PODS_ROOT}/../Podfile.lock\" \"${PODS_ROOT}/Manifest.lock\" > /dev/null\nif [[ $? != 0 ]] ; then\n    cat << EOM\nerror: The sandbox is not in sync with the Podfile.lock. Run 'pod install' or update your CocoaPods installation.\nEOM\n    exit 1\nfi\n";
			showEnvVarsInLog = 0;
		};
		BFCE1346C1374906AC2D8A84 /* Copy Pods Resources */ = {
			isa = PBXShellScriptBuildPhase;
			buildActionMask = 2147483647;
			files = (
			);
			inputPaths = (
			);
			name = "Copy Pods Resources";
			outputPaths = (
			);
			runOnlyForDeploymentPostprocessing = 0;
			shellPath = /bin/sh;
			shellScript = "\"${SRCROOT}/Pods/Pods-resources.sh\"\n";
			showEnvVarsInLog = 0;
		};
/* End PBXShellScriptBuildPhase section */

/* Begin PBXSourcesBuildPhase section */
		64B73790196A3B80001B38C5 /* Sources */ = {
			isa = PBXSourcesBuildPhase;
			buildActionMask = 2147483647;
			files = (
				64AC6079196B38D100FB74FE /* Tweet.m in Sources */,
				64AC6075196B29A100FB74FE /* LoginViewController.m in Sources */,
				64DCF041196A3C5F00B7A32A /* TweetViewController.m in Sources */,
				64B737A8196A3B80001B38C5 /* AppDelegate.m in Sources */,
				64B737A4196A3B80001B38C5 /* main.m in Sources */,
				644312CB196A41740046E784 /* TwitterClient.m in Sources */,
				64DCF04C196A3CE000B7A32A /* TweetCell.m in Sources */,
				64DCF047196A3CA800B7A32A /* ComposeViewController.m in Sources */,
				64DCF03C196A3C2800B7A32A /* TimelineViewController.m in Sources */,
			);
			runOnlyForDeploymentPostprocessing = 0;
		};
		64B737AB196A3B80001B38C5 /* Sources */ = {
			isa = PBXSourcesBuildPhase;
			buildActionMask = 2147483647;
			files = (
				64B737BD196A3B80001B38C5 /* TwitterTests.m in Sources */,
			);
			runOnlyForDeploymentPostprocessing = 0;
		};
/* End PBXSourcesBuildPhase section */

/* Begin PBXTargetDependency section */
		64B737B5196A3B80001B38C5 /* PBXTargetDependency */ = {
			isa = PBXTargetDependency;
			target = 64B73793196A3B80001B38C5 /* Twitter */;
			targetProxy = 64B737B4196A3B80001B38C5 /* PBXContainerItemProxy */;
		};
/* End PBXTargetDependency section */

/* Begin PBXVariantGroup section */
		64B737A0196A3B80001B38C5 /* InfoPlist.strings */ = {
			isa = PBXVariantGroup;
			children = (
				64B737A1196A3B80001B38C5 /* en */,
			);
			name = InfoPlist.strings;
			sourceTree = "<group>";
		};
		64B737B9196A3B80001B38C5 /* InfoPlist.strings */ = {
			isa = PBXVariantGroup;
			children = (
				64B737BA196A3B80001B38C5 /* en */,
			);
			name = InfoPlist.strings;
			sourceTree = "<group>";
		};
/* End PBXVariantGroup section */

/* Begin XCBuildConfiguration section */
		64B737BE196A3B80001B38C5 /* Debug */ = {
			isa = XCBuildConfiguration;
			buildSettings = {
				ALWAYS_SEARCH_USER_PATHS = NO;
				CLANG_CXX_LANGUAGE_STANDARD = "gnu++0x";
				CLANG_CXX_LIBRARY = "libc++";
				CLANG_ENABLE_MODULES = YES;
				CLANG_ENABLE_OBJC_ARC = YES;
				CLANG_WARN_BOOL_CONVERSION = YES;
				CLANG_WARN_CONSTANT_CONVERSION = YES;
				CLANG_WARN_DIRECT_OBJC_ISA_USAGE = YES_ERROR;
				CLANG_WARN_EMPTY_BODY = YES;
				CLANG_WARN_ENUM_CONVERSION = YES;
				CLANG_WARN_INT_CONVERSION = YES;
				CLANG_WARN_OBJC_ROOT_CLASS = YES_ERROR;
				CLANG_WARN__DUPLICATE_METHOD_MATCH = YES;
				"CODE_SIGN_IDENTITY[sdk=iphoneos*]" = "iPhone Developer";
				COPY_PHASE_STRIP = NO;
				GCC_C_LANGUAGE_STANDARD = gnu99;
				GCC_DYNAMIC_NO_PIC = NO;
				GCC_OPTIMIZATION_LEVEL = 0;
				GCC_PREPROCESSOR_DEFINITIONS = (
					"DEBUG=1",
					"$(inherited)",
				);
				GCC_SYMBOLS_PRIVATE_EXTERN = NO;
				GCC_WARN_64_TO_32_BIT_CONVERSION = YES;
				GCC_WARN_ABOUT_RETURN_TYPE = YES_ERROR;
				GCC_WARN_UNDECLARED_SELECTOR = YES;
				GCC_WARN_UNINITIALIZED_AUTOS = YES_AGGRESSIVE;
				GCC_WARN_UNUSED_FUNCTION = YES;
				GCC_WARN_UNUSED_VARIABLE = YES;
				IPHONEOS_DEPLOYMENT_TARGET = 7.1;
				ONLY_ACTIVE_ARCH = YES;
				SDKROOT = iphoneos;
			};
			name = Debug;
		};
		64B737BF196A3B80001B38C5 /* Release */ = {
			isa = XCBuildConfiguration;
			buildSettings = {
				ALWAYS_SEARCH_USER_PATHS = NO;
				CLANG_CXX_LANGUAGE_STANDARD = "gnu++0x";
				CLANG_CXX_LIBRARY = "libc++";
				CLANG_ENABLE_MODULES = YES;
				CLANG_ENABLE_OBJC_ARC = YES;
				CLANG_WARN_BOOL_CONVERSION = YES;
				CLANG_WARN_CONSTANT_CONVERSION = YES;
				CLANG_WARN_DIRECT_OBJC_ISA_USAGE = YES_ERROR;
				CLANG_WARN_EMPTY_BODY = YES;
				CLANG_WARN_ENUM_CONVERSION = YES;
				CLANG_WARN_INT_CONVERSION = YES;
				CLANG_WARN_OBJC_ROOT_CLASS = YES_ERROR;
				CLANG_WARN__DUPLICATE_METHOD_MATCH = YES;
				"CODE_SIGN_IDENTITY[sdk=iphoneos*]" = "iPhone Developer";
				COPY_PHASE_STRIP = YES;
				ENABLE_NS_ASSERTIONS = NO;
				GCC_C_LANGUAGE_STANDARD = gnu99;
				GCC_WARN_64_TO_32_BIT_CONVERSION = YES;
				GCC_WARN_ABOUT_RETURN_TYPE = YES_ERROR;
				GCC_WARN_UNDECLARED_SELECTOR = YES;
				GCC_WARN_UNINITIALIZED_AUTOS = YES_AGGRESSIVE;
				GCC_WARN_UNUSED_FUNCTION = YES;
				GCC_WARN_UNUSED_VARIABLE = YES;
				IPHONEOS_DEPLOYMENT_TARGET = 7.1;
				SDKROOT = iphoneos;
				VALIDATE_PRODUCT = YES;
			};
			name = Release;
		};
		64B737C1196A3B80001B38C5 /* Debug */ = {
			isa = XCBuildConfiguration;
			baseConfigurationReference = 2AA9B31A9CF44D9089AACA8B /* Pods.xcconfig */;
			buildSettings = {
				ASSETCATALOG_COMPILER_APPICON_NAME = AppIcon;
				ASSETCATALOG_COMPILER_LAUNCHIMAGE_NAME = LaunchImage;
				GCC_PRECOMPILE_PREFIX_HEADER = YES;
				GCC_PREFIX_HEADER = "Twitter/Twitter-Prefix.pch";
				INFOPLIST_FILE = "Twitter/Twitter-Info.plist";
				PRODUCT_NAME = "$(TARGET_NAME)";
				WRAPPER_EXTENSION = app;
			};
			name = Debug;
		};
		64B737C2196A3B80001B38C5 /* Release */ = {
			isa = XCBuildConfiguration;
			baseConfigurationReference = 2AA9B31A9CF44D9089AACA8B /* Pods.xcconfig */;
			buildSettings = {
				ASSETCATALOG_COMPILER_APPICON_NAME = AppIcon;
				ASSETCATALOG_COMPILER_LAUNCHIMAGE_NAME = LaunchImage;
				GCC_PRECOMPILE_PREFIX_HEADER = YES;
				GCC_PREFIX_HEADER = "Twitter/Twitter-Prefix.pch";
				INFOPLIST_FILE = "Twitter/Twitter-Info.plist";
				PRODUCT_NAME = "$(TARGET_NAME)";
				WRAPPER_EXTENSION = app;
			};
			name = Release;
		};
		64B737C4196A3B80001B38C5 /* Debug */ = {
			isa = XCBuildConfiguration;
			buildSettings = {
				BUNDLE_LOADER = "$(BUILT_PRODUCTS_DIR)/Twitter.app/Twitter";
				FRAMEWORK_SEARCH_PATHS = (
					"$(SDKROOT)/Developer/Library/Frameworks",
					"$(inherited)",
					"$(DEVELOPER_FRAMEWORKS_DIR)",
				);
				GCC_PRECOMPILE_PREFIX_HEADER = YES;
				GCC_PREFIX_HEADER = "Twitter/Twitter-Prefix.pch";
				GCC_PREPROCESSOR_DEFINITIONS = (
					"DEBUG=1",
					"$(inherited)",
				);
				INFOPLIST_FILE = "TwitterTests/TwitterTests-Info.plist";
				PRODUCT_NAME = "$(TARGET_NAME)";
				TEST_HOST = "$(BUNDLE_LOADER)";
				WRAPPER_EXTENSION = xctest;
			};
			name = Debug;
		};
		64B737C5196A3B80001B38C5 /* Release */ = {
			isa = XCBuildConfiguration;
			buildSettings = {
				BUNDLE_LOADER = "$(BUILT_PRODUCTS_DIR)/Twitter.app/Twitter";
				FRAMEWORK_SEARCH_PATHS = (
					"$(SDKROOT)/Developer/Library/Frameworks",
					"$(inherited)",
					"$(DEVELOPER_FRAMEWORKS_DIR)",
				);
				GCC_PRECOMPILE_PREFIX_HEADER = YES;
				GCC_PREFIX_HEADER = "Twitter/Twitter-Prefix.pch";
				INFOPLIST_FILE = "TwitterTests/TwitterTests-Info.plist";
				PRODUCT_NAME = "$(TARGET_NAME)";
				TEST_HOST = "$(BUNDLE_LOADER)";
				WRAPPER_EXTENSION = xctest;
			};
			name = Release;
		};
/* End XCBuildConfiguration section */

/* Begin XCConfigurationList section */
		64B7378F196A3B80001B38C5 /* Build configuration list for PBXProject "Twitter" */ = {
			isa = XCConfigurationList;
			buildConfigurations = (
				64B737BE196A3B80001B38C5 /* Debug */,
				64B737BF196A3B80001B38C5 /* Release */,
			);
			defaultConfigurationIsVisible = 0;
			defaultConfigurationName = Release;
		};
		64B737C0196A3B80001B38C5 /* Build configuration list for PBXNativeTarget "Twitter" */ = {
			isa = XCConfigurationList;
			buildConfigurations = (
				64B737C1196A3B80001B38C5 /* Debug */,
				64B737C2196A3B80001B38C5 /* Release */,
			);
			defaultConfigurationIsVisible = 0;
			defaultConfigurationName = Release;
		};
		64B737C3196A3B80001B38C5 /* Build configuration list for PBXNativeTarget "TwitterTests" */ = {
			isa = XCConfigurationList;
			buildConfigurations = (
				64B737C4196A3B80001B38C5 /* Debug */,
				64B737C5196A3B80001B38C5 /* Release */,
			);
			defaultConfigurationIsVisible = 0;
			defaultConfigurationName = Release;
		};
/* End XCConfigurationList section */
	};
	rootObject = 64B7378C196A3B80001B38C5 /* Project object */;
}
